# This file is autogenerated, do not edit; changes may be undone by the next 'dep ensure'.


[[projects]]
  branch = "master"
  name = "github.com/TsvetanMilanov/go-lambda-workflow"
  packages = ["workflow"]
  revision = "62b75784be4e17eb8815365503dff1fa0a05f66d"

[[projects]]
  name = "github.com/TsvetanMilanov/go-simple-di"
  packages = ["di"]
  revision = "d958830d3aefff7b33f687a9e43bef36f3df1cf1"
  version = "v0.1.0"

[[projects]]
  name = "github.com/aws/aws-lambda-go"
  packages = ["events"]
  revision = "fafa7e49388b8991caf99308e80655ba91816b72"
  version = "v1.1.0"

[solve-meta]
  analyzer-name = "dep"
  analyzer-version = 1
  inputs-digest = "a46b50a0fd164cd7ce612d0644fedb8df719a493d64b429d3d628526ebfc1e5d"
  solver-name = "gps-cdcl"
  solver-version = 1
