# This file is autogenerated, do not edit; changes may be undone by the next 'dep ensure'.


[[projects]]
  branch = "master"
  name = "github.com/TsvetanMilanov/go-lambda-workflow"
  packages = ["workflow"]
  revision = "904888f1a13d53f30b7d7ed4cc3a5e1706fc4ad6"

[[projects]]
  name = "github.com/TsvetanMilanov/go-simple-di"
  packages = ["di"]
  revision = "d958830d3aefff7b33f687a9e43bef36f3df1cf1"
  version = "v0.1.0"

[[projects]]
  name = "github.com/aws/aws-lambda-go"
  packages = ["events"]
  revision = "4d30d0ff60440c2d0480a15747c96ee71c3c53d4"
  version = "v1.2.0"

[[projects]]
  name = "github.com/go-playground/locales"
  packages = [
    ".",
    "currency"
  ]
  revision = "f63010822830b6fe52288ee52d5a1151088ce039"
  version = "v0.12.1"

[[projects]]
  name = "github.com/go-playground/universal-translator"
  packages = ["."]
  revision = "b32fa301c9fe55953584134cb6853a13c87ec0a1"
  version = "v0.16.0"

[[projects]]
  name = "github.com/go-playground/validator"
  packages = ["."]
  revision = "ffe836d7363bc7ab3f56d2fc90ce09bfb5a0c2c5"
  version = "v9.17.0"

[solve-meta]
  analyzer-name = "dep"
  analyzer-version = 1
  inputs-digest = "6a35f004ee539f2434c6d2f1398346dd7cdfba1b9c43928eade3ceb6d14ef49c"
  solver-name = "gps-cdcl"
  solver-version = 1
